
Microsoft Visual Studio Solution File, Format Version 12.00
# Visual Studio Version 17
VisualStudioVersion = 17.3.32922.545
MinimumVisualStudioVersion = 10.0.40219.1
Project("{FAE04EC0-301F-11D3-BF4B-00C04F79EFBC}") = "Flight_Management_System", "Flight_Management_System\Flight_Management_System.csproj", "{A86405EA-0A51-41DA-A70A-76A58304B17E}"
EndProject
Global
	GlobalSection(SolutionConfigurationPlatforms) = preSolution
		Debug|Any CPU = Debug|Any CPU
		Release|Any CPU = Release|Any CPU
	EndGlobalSection
	GlobalSection(ProjectConfigurationPlatforms) = postSolution
		{A86405EA-0A51-41DA-A70A-76A58304B17E}.Debug|Any CPU.ActiveCfg = Debug|Any CPU
		{A86405EA-0A51-41DA-A70A-76A58304B17E}.Debug|Any CPU.Build.0 = Debug|Any CPU
		{A86405EA-0A51-41DA-A70A-76A58304B17E}.Release|Any CPU.ActiveCfg = Release|Any CPU
		{A86405EA-0A51-41DA-A70A-76A58304B17E}.Release|Any CPU.Build.0 = Release|Any CPU
	EndGlobalSection
	GlobalSection(SolutionProperties) = preSolution
		HideSolutionNode = FALSE
	EndGlobalSection
	GlobalSection(ExtensibilityGlobals) = postSolution
		SolutionGuid = {F7A9AB83-AFE4-4008-B58C-41D6437F9994}
	EndGlobalSection
EndGlobal
